<?xml version="1.0" encoding="utf-8"?>
<Project ToolsVersion="4.0" xmlns="http://schemas.microsoft.com/developer/msbuild/2003">
  <ItemGroup>
    <Filter Include="Source Files">
      <UniqueIdentifier>{4FC737F1-C7A5-4376-A066-2A32D752A2FF}</UniqueIdentifier>
      <Extensions>cpp;c;cc;cxx;def;odl;idl;hpj;bat;asm;asmx</Extensions>
    </Filter>
    <Filter Include="Header Files">
      <UniqueIdentifier>{93995380-89BD-4b04-88EB-625FBE52EBFB}</UniqueIdentifier>
      <Extensions>h;hh;hpp;hxx;hm;inl;inc;ipp;xsd</Extensions>
    </Filter>
    <Filter Include="Resource Files">
      <UniqueIdentifier>{67DA6AB6-F800-4c08-8B7A-83BB121AAD01}</UniqueIdentifier>
      <Extensions>rc;ico;cur;bmp;dlg;rc2;rct;bin;rgs;gif;jpg;jpeg;jpe;resx;tiff;tif;png;wav;mfcribbon-ms</Extensions>
    </Filter>
  </ItemGroup>
  <ItemGroup>
    <ClInclude Include="Theme.h">
      <Filter>Header Files</Filter>
    </ClInclude>
    <ClInclude Include="Includes.h">
      <Filter>Header Files</Filter>
    </ClInclude>
    <ClInclude Include="SteamSpoofer.h">
      <Filter>Header Files</Filter>
    </ClInclude>
    <ClInclude Include="TaskBarIcon.h">
      <Filter>Header Files</Filter>
    </ClInclude>
    <ClInclude Include="resource.h">
      <Filter>Header Files</Filter>
    </ClInclude>
    <ClInclude Include="sXe.h">
      <Filter>Header Files</Filter>
    </ClInclude>
    <ClInclude Include="AliasEnabler.h">
      <Filter>Header Files</Filter>
    </ClInclude>
    <ClInclude Include="vmLog.h">
      <Filter>Header Files</Filter>
    </ClInclude>
    <ClInclude Include="VersionFinder.h">
      <Filter>Header Files</Filter>
    </ClInclude>
    <ClInclude Include="ProcessFiles.h">
      <Filter>Header Files</Filter>
    </ClInclude>
    <ClInclude Include="AntiScreen.h">
      <Filter>Header Files</Filter>
    </ClInclude>
    <ClInclude Include="VM.h">
      <Filter>Header Files</Filter>
    </ClInclude>
    <ClInclude Include="apiHooking.h">
      <Filter>Header Files</Filter>
    </ClInclude>
    <ClInclude Include="Memory.h">
      <Filter>Header Files</Filter>
    </ClInclude>
    <ClInclude Include="GUI.h">
      <Filter>Header Files</Filter>
    </ClInclude>
    <ClInclude Include="SplashWindow.h">
      <Filter>Header Files</Filter>
    </ClInclude>
    <ClInclude Include="xorstrA.h">
      <Filter>Header Files</Filter>
    </ClInclude>
    <ClInclude Include="xorstrW.h">
      <Filter>Header Files</Filter>
    </ClInclude>
  </ItemGroup>
  <ItemGroup>
    <ClCompile Include="Main.cpp">
      <Filter>Source Files</Filter>
    </ClCompile>
    <ClCompile Include="Theme.cpp">
      <Filter>Source Files</Filter>
    </ClCompile>
    <ClCompile Include="SteamSpoofer.cpp">
      <Filter>Source Files</Filter>
    </ClCompile>
    <ClCompile Include="TaskBarIcon.cpp">
      <Filter>Source Files</Filter>
    </ClCompile>
    <ClCompile Include="sXe.cpp">
      <Filter>Source Files</Filter>
    </ClCompile>
    <ClCompile Include="AliasEnabler.cpp">
      <Filter>Source Files</Filter>
    </ClCompile>
    <ClCompile Include="vmLog.cpp">
      <Filter>Source Files</Filter>
    </ClCompile>
    <ClCompile Include="VersionFinder.cpp">
      <Filter>Source Files</Filter>
    </ClCompile>
    <ClCompile Include="ProcessFiles.cpp">
      <Filter>Source Files</Filter>
    </ClCompile>
    <ClCompile Include="AntiScreen.cpp">
      <Filter>Source Files</Filter>
    </ClCompile>
    <ClCompile Include="Memory.cpp">
      <Filter>Source Files</Filter>
    </ClCompile>
    <ClCompile Include="GUI.cpp">
      <Filter>Source Files</Filter>
    </ClCompile>
    <ClCompile Include="SplashWindow.cpp">
      <Filter>Source Files</Filter>
    </ClCompile>
  </ItemGroup>
  <ItemGroup>
    <ResourceCompile Include="sXe Dead.rc">
      <Filter>Resource Files</Filter>
    </ResourceCompile>
  </ItemGroup>
  <ItemGroup>
    <Image Include="E:\My Flash\Works\PhotoShop\Icons\Ico1.ico">
      <Filter>Resource Files</Filter>
    </Image>
    <Image Include="E:\My Flash\Works\PhotoShop\Icons\Ico2.ico">
      <Filter>Resource Files</Filter>
    </Image>
    <Image Include="E:\My Flash\Works\PhotoShop\Icons\Ico3.ico">
      <Filter>Resource Files</Filter>
    </Image>
    <Image Include="E:\My Flash\Works\PhotoShop\Icons\Ico4.ico">
      <Filter>Resource Files</Filter>
    </Image>
    <Image Include="Icons\Ico1.ico">
      <Filter>Resource Files</Filter>
    </Image>
    <Image Include="Icons\Ico2.ico">
      <Filter>Resource Files</Filter>
    </Image>
    <Image Include="Icons\Ico3.ico">
      <Filter>Resource Files</Filter>
    </Image>
    <Image Include="Icons\Ico4.ico">
      <Filter>Resource Files</Filter>
    </Image>
    <Image Include="CIS.bmp">
      <Filter>Resource Files</Filter>
    </Image>
    <Image Include="MY_BMP.bmp">
      <Filter>Resource Files</Filter>
    </Image>
  </ItemGroup>
  <ItemGroup>
    <None Include="..\Release\Driver32.dll">
      <Filter>Resource Files</Filter>
    </None>
    <None Include="..\Release\sXe_Disabler.exe">
      <Filter>Resource Files</Filter>
    </None>
  </ItemGroup>
  <ItemGroup>
    <Media Include="VIDEO.mp4">
      <Filter>Resource Files</Filter>
    </Media>
    <Media Include="EXIT.wav">
      <Filter>Resource Files</Filter>
    </Media>
    <Media Include="START.wav">
      <Filter>Resource Files</Filter>
    </Media>
    <Media Include="ABOUT.wav">
      <Filter>Resource Files</Filter>
    </Media>
    <Media Include="CLICK.wav">
      <Filter>Resource Files</Filter>
    </Media>
  </ItemGroup>
</Project>