
Microsoft Visual Studio Solution File, Format Version 12.00
# Visual Studio 15
VisualStudioVersion = 15.0.28010.2041
MinimumVisualStudioVersion = 10.0.40219.1
Project("{8BC9CEB8-8B4A-11D0-8D11-00A0C91BC942}") = "sXe Dead", "sXe Dead\sXe Dead.vcxproj", "{344D4C22-A5D4-4329-8CC5-C8DEED10ADAC}"
EndProject
Project("{8BC9CEB8-8B4A-11D0-8D11-00A0C91BC942}") = "Driver32", "Driver32\Driver32.vcxproj", "{592FFC63-15FB-4D94-8511-B4A2B37F65E8}"
EndProject
Project("{8BC9CEB8-8B4A-11D0-8D11-00A0C91BC942}") = "xAbout", "xAbout\xAbout.vcxproj", "{ECBFD7E8-BEB2-449F-A1F9-2C3F53BECFCB}"
EndProject
Global
	GlobalSection(SolutionConfigurationPlatforms) = preSolution
		Debug|Any CPU = Debug|Any CPU
		Debug|x64 = Debug|x64
		Debug|x86 = Debug|x86
		Release|Any CPU = Release|Any CPU
		Release|x64 = Release|x64
		Release|x86 = Release|x86
	EndGlobalSection
	GlobalSection(ProjectConfigurationPlatforms) = postSolution
		{344D4C22-A5D4-4329-8CC5-C8DEED10ADAC}.Debug|Any CPU.ActiveCfg = Debug|Win32
		{344D4C22-A5D4-4329-8CC5-C8DEED10ADAC}.Debug|x64.ActiveCfg = Debug|x64
		{344D4C22-A5D4-4329-8CC5-C8DEED10ADAC}.Debug|x64.Build.0 = Debug|x64
		{344D4C22-A5D4-4329-8CC5-C8DEED10ADAC}.Debug|x86.ActiveCfg = Debug|Win32
		{344D4C22-A5D4-4329-8CC5-C8DEED10ADAC}.Debug|x86.Build.0 = Debug|Win32
		{344D4C22-A5D4-4329-8CC5-C8DEED10ADAC}.Release|Any CPU.ActiveCfg = Release|Win32
		{344D4C22-A5D4-4329-8CC5-C8DEED10ADAC}.Release|x64.ActiveCfg = Release|x64
		{344D4C22-A5D4-4329-8CC5-C8DEED10ADAC}.Release|x64.Build.0 = Release|x64
		{344D4C22-A5D4-4329-8CC5-C8DEED10ADAC}.Release|x86.ActiveCfg = Release|Win32
		{344D4C22-A5D4-4329-8CC5-C8DEED10ADAC}.Release|x86.Build.0 = Release|Win32
		{592FFC63-15FB-4D94-8511-B4A2B37F65E8}.Debug|Any CPU.ActiveCfg = Debug|Win32
		{592FFC63-15FB-4D94-8511-B4A2B37F65E8}.Debug|x64.ActiveCfg = Debug|x64
		{592FFC63-15FB-4D94-8511-B4A2B37F65E8}.Debug|x64.Build.0 = Debug|x64
		{592FFC63-15FB-4D94-8511-B4A2B37F65E8}.Debug|x86.ActiveCfg = Debug|Win32
		{592FFC63-15FB-4D94-8511-B4A2B37F65E8}.Debug|x86.Build.0 = Debug|Win32
		{592FFC63-15FB-4D94-8511-B4A2B37F65E8}.Release|Any CPU.ActiveCfg = Release|Win32
		{592FFC63-15FB-4D94-8511-B4A2B37F65E8}.Release|x64.ActiveCfg = Release|x64
		{592FFC63-15FB-4D94-8511-B4A2B37F65E8}.Release|x64.Build.0 = Release|x64
		{592FFC63-15FB-4D94-8511-B4A2B37F65E8}.Release|x86.ActiveCfg = Release|Win32
		{592FFC63-15FB-4D94-8511-B4A2B37F65E8}.Release|x86.Build.0 = Release|Win32
		{ECBFD7E8-BEB2-449F-A1F9-2C3F53BECFCB}.Debug|Any CPU.ActiveCfg = Debug|Win32
		{ECBFD7E8-BEB2-449F-A1F9-2C3F53BECFCB}.Debug|x64.ActiveCfg = Debug|x64
		{ECBFD7E8-BEB2-449F-A1F9-2C3F53BECFCB}.Debug|x64.Build.0 = Debug|x64
		{ECBFD7E8-BEB2-449F-A1F9-2C3F53BECFCB}.Debug|x86.ActiveCfg = Debug|Win32
		{ECBFD7E8-BEB2-449F-A1F9-2C3F53BECFCB}.Debug|x86.Build.0 = Debug|Win32
		{ECBFD7E8-BEB2-449F-A1F9-2C3F53BECFCB}.Release|Any CPU.ActiveCfg = Release|Win32
		{ECBFD7E8-BEB2-449F-A1F9-2C3F53BECFCB}.Release|x64.ActiveCfg = Release|x64
		{ECBFD7E8-BEB2-449F-A1F9-2C3F53BECFCB}.Release|x64.Build.0 = Release|x64
		{ECBFD7E8-BEB2-449F-A1F9-2C3F53BECFCB}.Release|x86.ActiveCfg = Release|Win32
		{ECBFD7E8-BEB2-449F-A1F9-2C3F53BECFCB}.Release|x86.Build.0 = Release|Win32
	EndGlobalSection
	GlobalSection(SolutionProperties) = preSolution
		HideSolutionNode = FALSE
	EndGlobalSection
	GlobalSection(ExtensibilityGlobals) = postSolution
		SolutionGuid = {7707E817-FEFF-4135-A096-68E3CDA0EAA7}
	EndGlobalSection
EndGlobal
